
Microsoft Visual Studio Solution File, Format Version 12.00
# Visual Studio Version 17
VisualStudioVersion = 17.10.35122.118
MinimumVisualStudioVersion = 10.0.40219.1
Project("{9A19103F-16F7-4668-BE54-9A1E7A4F7556}") = "ProductsMangementAPI", "ProductsMangementAPI\ProductsMangementAPI.csproj", "{018613FB-4B5C-404E-8190-61BC64FA7C4E}"
EndProject
Project("{2150E333-8FDC-42A3-9474-1A3956D46DE8}") = "Presentacion", "Presentacion", "{7B0DACEC-4142-41CF-A59F-48216ABD7434}"
EndProject
Global
	GlobalSection(SolutionConfigurationPlatforms) = preSolution
		Debug|Any CPU = Debug|Any CPU
		Release|Any CPU = Release|Any CPU
	EndGlobalSection
	GlobalSection(ProjectConfigurationPlatforms) = postSolution
		{018613FB-4B5C-404E-8190-61BC64FA7C4E}.Debug|Any CPU.ActiveCfg = Debug|Any CPU
		{018613FB-4B5C-404E-8190-61BC64FA7C4E}.Debug|Any CPU.Build.0 = Debug|Any CPU
		{018613FB-4B5C-404E-8190-61BC64FA7C4E}.Release|Any CPU.ActiveCfg = Release|Any CPU
		{018613FB-4B5C-404E-8190-61BC64FA7C4E}.Release|Any CPU.Build.0 = Release|Any CPU
	EndGlobalSection
	GlobalSection(SolutionProperties) = preSolution
		HideSolutionNode = FALSE
	EndGlobalSection
	GlobalSection(ExtensibilityGlobals) = postSolution
		SolutionGuid = {6BC68E57-6E05-46FD-9299-86A9623A15B4}
	EndGlobalSection
EndGlobal
